{
  "name": "little-red-dot-hanzi",
  "lockfileVersion": 3,
  "requires": true,
  "packages": {
    "": {
      "name": "little-red-dot-hanzi",
      "license": "MIT",
      "dependencies": {
        "hanzi-writer": "3.7.3"
      },
      "devDependencies": {
        "hanzi-writer-data": "2.0.1"
      }
    },
    "node_modules/hanzi-writer": {
      "version": "3.7.3",
      "resolved": "https://registry.npmmirror.com/hanzi-writer/-/hanzi-writer-3.7.3.tgz",
      "integrity": "sha512-fdOFrb1cXWL/pV/oplJkcdziCvjJzhhf+qoIBm5IpVGxPBZEu4eLB6ZG5RJDbKXyNbNlyx8oIpa3XrcUBcSXpg==",
      "license": "MIT"
    },
    "node_modules/hanzi-writer-data": {
      "version": "2.0.1",
      "resolved": "https://registry.npmmirror.com/hanzi-writer-data/-/hanzi-writer-data-2.0.1.tgz",
      "integrity": "sha512-nbQwM+MaryGoq7pBMIZLCd3lFq03nXuJuwku1+6UbjL58uU+9OULVcMkoNvNuJSoIV7f1bbPRfD4D/LQa5S7qg==",
      "dev": true,
      "license": "SEE LICENSE IN ARPHICPL.TXT"
    }
  }
}
