{
  "name": "hanzi-tracking-learning",
  "lockfileVersion": 3,
  "requires": true,
  "packages": {
    "": {
      "name": "hanzi-tracking-learning",
      "devDependencies": {
        "hanzi-writer-data": "2.0.1"
      }
    },
    "node_modules/hanzi-writer-data": {
      "version": "2.0.1",
      "resolved": "https://registry.npmmirror.com/hanzi-writer-data/-/hanzi-writer-data-2.0.1.tgz",
      "integrity": "sha512-nbQwM+MaryGoq7pBMIZLCd3lFq03nXuJuwku1+6UbjL58uU+9OULVcMkoNvNuJSoIV7f1bbPRfD4D/LQa5S7qg==",
      "dev": true,
      "license": "SEE LICENSE IN ARPHICPL.TXT"
    }
  }
}
